<?xml version="1.0" encoding="utf-8"?>
<Project ToolsVersion="4.0" xmlns="http://schemas.microsoft.com/developer/msbuild/2003">
  <ItemGroup>
    <Filter Include="Include">
      <UniqueIdentifier>{56d6c23d-dfdd-4bac-acae-5aa6506cec2f}</UniqueIdentifier>
    </Filter>
    <Filter Include="Include\Math">
      <UniqueIdentifier>{d40067ed-e545-40ba-be0e-dfd1f5f78731}</UniqueIdentifier>
    </Filter>
    <Filter Include="Include\Passes">
      <UniqueIdentifier>{c5aa6715-8909-43c0-94e5-9abb5f176a3b}</UniqueIdentifier>
    </Filter>
    <Filter Include="Include\Scene">
      <UniqueIdentifier>{9af101bf-7991-440b-8088-13314bb0d61f}</UniqueIdentifier>
    </Filter>
    <Filter Include="Include\Debug">
      <UniqueIdentifier>{a4f5e819-cd67-4284-a3e2-be5e6e9d5e5d}</UniqueIdentifier>
    </Filter>
    <Filter Include="Include\Core">
      <UniqueIdentifier>{76a60205-3a75-4701-b13d-0a07d89a8bbb}</UniqueIdentifier>
    </Filter>
    <Filter Include="Include\GI">
      <UniqueIdentifier>{d089cf1f-ee7e-47a5-abd6-d82654ad98c6}</UniqueIdentifier>
    </Filter>
    <Filter Include="Shader">
      <UniqueIdentifier>{f71a2153-478a-49ad-bc6c-b04f89a70d09}</UniqueIdentifier>
    </Filter>
    <Filter Include="Shader\Common">
      <UniqueIdentifier>{d5ecdf89-1d78-4b38-942f-4c0e4063f891}</UniqueIdentifier>
    </Filter>
    <Filter Include="Shader\RC">
      <UniqueIdentifier>{6c31301f-4403-4765-ba43-e998ef53817f}</UniqueIdentifier>
    </Filter>
    <Filter Include="Shader\Shading">
      <UniqueIdentifier>{310cf171-0f4b-4ecf-b239-e9d65e253fb7}</UniqueIdentifier>
    </Filter>
    <Filter Include="Shader\Tonemap">
      <UniqueIdentifier>{d9d7c3b7-6dc9-4eea-bafd-f8cc2620a432}</UniqueIdentifier>
    </Filter>
    <Filter Include="Shader\Visibility">
      <UniqueIdentifier>{cf25baec-544b-4a5d-91c5-302de83c913d}</UniqueIdentifier>
    </Filter>
    <Filter Include="Shader\Legacy">
      <UniqueIdentifier>{99e2a8ac-ebfd-4985-94a2-fe5b1095dc4c}</UniqueIdentifier>
    </Filter>
    <Filter Include="Resource">
      <UniqueIdentifier>{67DA6AB6-F800-4c08-8B7A-83BB121AAD01}</UniqueIdentifier>
      <Extensions>rc;ico;cur;bmp;dlg;rc2;rct;bin;rgs;gif;jpg;jpeg;jpe;resx;tiff;tif;png;wav;mfcribbon-ms</Extensions>
    </Filter>
    <Filter Include="Source">
      <UniqueIdentifier>{4FC737F1-C7A5-4376-A066-2A32D752A2FF}</UniqueIdentifier>
      <Extensions>cpp;c;cc;cxx;c++;cppm;ixx;def;odl;idl;hpj;bat;asm;asmx</Extensions>
    </Filter>
    <Filter Include="Source\Core">
      <UniqueIdentifier>{b6d28eb0-fb9e-4e4a-858c-b15d2c5444d8}</UniqueIdentifier>
    </Filter>
    <Filter Include="Source\Scene">
      <UniqueIdentifier>{20110e92-5911-4e04-ba4a-5b86cb6c9a68}</UniqueIdentifier>
    </Filter>
    <Filter Include="Source\GI">
      <UniqueIdentifier>{25b68e1a-6ca1-42f2-a645-bfc525327023}</UniqueIdentifier>
    </Filter>
    <Filter Include="Source\Passes">
      <UniqueIdentifier>{43a7f098-7006-43ca-b0d2-d764a9eb58ba}</UniqueIdentifier>
    </Filter>
    <Filter Include="Source\Debug">
      <UniqueIdentifier>{ad0da187-33b2-4c8e-974a-b95464e42376}</UniqueIdentifier>
    </Filter>
    <Filter Include="Third-Party">
      <UniqueIdentifier>{e3a1b2c4-5d6e-7f80-91a2-b3c4d5e6f7a8}</UniqueIdentifier>
    </Filter>
    <Filter Include="Shader\Monolith">
      <UniqueIdentifier>{c1f21e6b-72af-47bb-afc0-31920cab2817}</UniqueIdentifier>
    </Filter>
    <Filter Include="Include\Resources">
      <UniqueIdentifier>{8a364f07-3137-4370-9218-b4bbf74233e7}</UniqueIdentifier>
    </Filter>
    <Filter Include="Source\Resources">
      <UniqueIdentifier>{318e236a-7814-47b5-bcba-67c7c879ec55}</UniqueIdentifier>
    </Filter>
    <Filter Include="Source\Renderer">
      <UniqueIdentifier>{32371501-61ef-4dd1-b6a8-d404bc41cad2}</UniqueIdentifier>
    </Filter>
    <Filter Include="Include\Renderer">
      <UniqueIdentifier>{40f59cb0-f898-480f-90bc-e52d87f1f5d8}</UniqueIdentifier>
    </Filter>
    <Filter Include="Config">
      <UniqueIdentifier>{0f71f925-5cd9-4ff0-bfb3-bcfae67d6f76}</UniqueIdentifier>
    </Filter>
    <Filter Include="Config\ImGUI">
      <UniqueIdentifier>{026efd6f-6af7-4b04-ac66-5a5b52f1ce08}</UniqueIdentifier>
    </Filter>
    <Filter Include="Config\Scenarios">
      <UniqueIdentifier>{1bd1c73c-5174-4720-8052-b1c4a46c2d3c}</UniqueIdentifier>
    </Filter>
    <Filter Include="Shader\Photon-Mapping">
      <UniqueIdentifier>{488f2598-6bd8-4304-87d9-60956d1b970e}</UniqueIdentifier>
    </Filter>
    <Filter Include="Shader\Debug">
      <UniqueIdentifier>{a7194d42-b5b8-4fd7-b5a0-7d30fc6bbe2a}</UniqueIdentifier>
    </Filter>
  </ItemGroup>
  <ItemGroup>
    <ClCompile Include="source\passes\LegacyPass.cpp">
      <Filter>Source\Passes</Filter>
    </ClCompile>
    <ClCompile Include="source\main.cpp">
      <Filter>Source</Filter>
    </ClCompile>
    <ClCompile Include="source\scene\ImageLoader.cpp">
      <Filter>Source\Scene</Filter>
    </ClCompile>
    <ClCompile Include="source\scene\Mesh.cpp">
      <Filter>Source\Scene</Filter>
    </ClCompile>
    <ClCompile Include="source\scene\ModelLoader.cpp">
      <Filter>Source\Scene</Filter>
    </ClCompile>
    <ClCompile Include="source\scene\GenericScene.cpp">
      <Filter>Source\Scene</Filter>
    </ClCompile>
    <ClCompile Include="source\scene\SceneLoader.cpp">
      <Filter>Source\Scene</Filter>
    </ClCompile>
    <ClCompile Include="source\scene\SceneManager.cpp">
      <Filter>Source\Scene</Filter>
    </ClCompile>
    <ClCompile Include="source\core\VMA.cpp">
      <Filter>Source\Core</Filter>
    </ClCompile>
    <ClCompile Include="third-party\vk-bootstrap\source\VkBootstrap.cpp">
      <Filter>Third-Party</Filter>
    </ClCompile>
    <ClCompile Include="source\scene\Primitive.cpp">
      <Filter>Source</Filter>
    </ClCompile>
    <ClCompile Include="source\passes\GBuffer.cpp">
      <Filter>Source\Passes</Filter>
    </ClCompile>
    <ClCompile Include="source\core\CommandManager.cpp">
      <Filter>Source\Core</Filter>
    </ClCompile>
    <ClCompile Include="source\core\Swapchain.cpp">
      <Filter>Source\Core</Filter>
    </ClCompile>
    <ClCompile Include="source\core\VulkanContext.cpp">
      <Filter>Source\Core</Filter>
    </ClCompile>
    <ClCompile Include="source\resources\Buffer.cpp">
      <Filter>Source\Resources</Filter>
    </ClCompile>
    <ClCompile Include="source\resources\Image.cpp">
      <Filter>Source\Resources</Filter>
    </ClCompile>
    <ClCompile Include="source\renderer\Renderer.cpp">
      <Filter>Source\Renderer</Filter>
    </ClCompile>
    <ClCompile Include="source\gi\CascadeHashMap.cpp">
      <Filter>Source\GI</Filter>
    </ClCompile>
    <ClCompile Include="source\gi\CascadeStorage.cpp">
      <Filter>Source\GI</Filter>
    </ClCompile>
    <ClCompile Include="source\debug\DebugUI.cpp">
      <Filter>Source\Debug</Filter>
    </ClCompile>
    <ClCompile Include="lib\imgui-docking\imgui.cpp">
      <Filter>Third-Party</Filter>
    </ClCompile>
    <ClCompile Include="lib\imgui-docking\imgui_draw.cpp">
      <Filter>Third-Party</Filter>
    </ClCompile>
    <ClCompile Include="lib\imgui-docking\imgui_tables.cpp">
      <Filter>Third-Party</Filter>
    </ClCompile>
    <ClCompile Include="lib\imgui-docking\imgui_widgets.cpp">
      <Filter>Third-Party</Filter>
    </ClCompile>
    <ClCompile Include="lib\imgui-docking\backends\imgui_impl_vulkan.cpp">
      <Filter>Third-Party</Filter>
    </ClCompile>
    <ClCompile Include="lib\imgui-docking\backends\imgui_impl_glfw.cpp">
      <Filter>Third-Party</Filter>
    </ClCompile>
  </ItemGroup>
  <ItemGroup>
    <ClInclude Include="include\passes\LegacyPass.hpp">
      <Filter>Include\Passes</Filter>
    </ClInclude>
    <ClInclude Include="include\math\MathUtils.hpp">
      <Filter>Include\Math</Filter>
    </ClInclude>
    <ClInclude Include="include\core\VulkanCore.hpp">
      <Filter>Include\Core</Filter>
    </ClInclude>
    <ClInclude Include="include\scene\GPUData.hpp">
      <Filter>Include\Scene</Filter>
    </ClInclude>
    <ClInclude Include="include\scene\ImageLoader.hpp">
      <Filter>Include\Scene</Filter>
    </ClInclude>
    <ClInclude Include="include\scene\Mesh.hpp">
      <Filter>Include\Scene</Filter>
    </ClInclude>
    <ClInclude Include="include\scene\MeshInstance.hpp">
      <Filter>Include\Scene</Filter>
    </ClInclude>
    <ClInclude Include="include\scene\ModelLoader.hpp">
      <Filter>Include\Scene</Filter>
    </ClInclude>
    <ClInclude Include="include\scene\Primitive.hpp">
      <Filter>Include\Scene</Filter>
    </ClInclude>
    <ClInclude Include="include\scene\GenericScene.hpp">
      <Filter>Include\Scene</Filter>
    </ClInclude>
    <ClInclude Include="include\scene\Scene.hpp">
      <Filter>Include\Scene</Filter>
    </ClInclude>
    <ClInclude Include="include\scene\SceneData.hpp">
      <Filter>Include\Scene</Filter>
    </ClInclude>
    <ClInclude Include="include\scene\SceneLoader.hpp">
      <Filter>Include\Scene</Filter>
    </ClInclude>
    <ClInclude Include="include\scene\SceneManager.hpp">
      <Filter>Include\Scene</Filter>
    </ClInclude>
    <ClInclude Include="include\passes\GBuffer.hpp">
      <Filter>Include\Passes</Filter>
    </ClInclude>
    <ClInclude Include="include\resources\Buffer.hpp">
      <Filter>Include\Resources</Filter>
    </ClInclude>
    <ClInclude Include="include\resources\Image.hpp">
      <Filter>Include\Resources</Filter>
    </ClInclude>
    <ClInclude Include="include\core\CommandManager.hpp">
      <Filter>Include\Core</Filter>
    </ClInclude>
    <ClInclude Include="include\core\Swapchain.hpp">
      <Filter>Include\Core</Filter>
    </ClInclude>
    <ClInclude Include="include\core\VulkanContext.hpp">
      <Filter>Include\Core</Filter>
    </ClInclude>
    <ClInclude Include="include\renderer\Renderer.hpp">
      <Filter>Include\Renderer</Filter>
    </ClInclude>
    <ClInclude Include="include\debug\DebugUI.hpp">
      <Filter>Include\Debug</Filter>
    </ClInclude>
    <ClInclude Include="include\debug\FrameStats.hpp">
      <Filter>Include\Debug</Filter>
    </ClInclude>
    <ClInclude Include="include\gi\CascadeConfig.hpp">
      <Filter>Include\GI</Filter>
    </ClInclude>
    <ClInclude Include="include\gi\CascadeHashMap.hpp">
      <Filter>Include\GI</Filter>
    </ClInclude>
    <ClInclude Include="include\gi\CascadeStorage.hpp">
      <Filter>Include\GI</Filter>
    </ClInclude>
    <ClInclude Include="include\gi\RCPushConstants.hpp">
      <Filter>Include\GI</Filter>
    </ClInclude>
  </ItemGroup>
  <ItemGroup>
    <None Include="compile_shaders.bat" />
    <None Include="shaders\legacy\raytracer.comp">
      <Filter>Shader\Legacy</Filter>
    </None>
    <None Include="shaders\common\ray.glsl">
      <Filter>Shader\Common</Filter>
    </None>
    <None Include="shaders\common\bvh.glsl">
      <Filter>Shader\Common</Filter>
    </None>
    <None Include="shaders\common\lighting.glsl">
      <Filter>Shader\Common</Filter>
    </None>
    <None Include="shaders\common\material.glsl">
      <Filter>Shader\Common</Filter>
    </None>
    <None Include="shaders\common\octahedral.glsl">
      <Filter>Shader\Common</Filter>
    </None>
    <None Include="shaders\common\push_constants.glsl">
      <Filter>Shader\Common</Filter>
    </None>
    <None Include="shaders\common\random.glsl">
      <Filter>Shader\Common</Filter>
    </None>
    <None Include="shaders\monolith\raytracer.comp">
      <Filter>Shader\Monolith</Filter>
    </None>
    <None Include="shaders\visibility\primary.comp">
      <Filter>Shader\Visibility</Filter>
    </None>
    <None Include="shaders\shading\composite_temp.comp">
      <Filter>Shader\Shading</Filter>
    </None>
    <None Include="shaders\common\cascade_layout.glsl">
      <Filter>Shader\Common</Filter>
    </None>
    <None Include="shaders\common\shadow.glsl">
      <Filter>Shader\Common</Filter>
    </None>
    <None Include="shaders\rc\cascade_merge.comp">
      <Filter>Shader\RC</Filter>
    </None>
    <None Include="shaders\rc\probe_alloc.comp">
      <Filter>Shader\RC</Filter>
    </None>
    <None Include="shaders\rc\probe_trace.comp">
      <Filter>Shader\RC</Filter>
    </None>
    <None Include="shaders\rc\probe_sh.comp">
      <Filter>Shader\RC</Filter>
    </None>
    <None Include="shaders\tonemap\tonemap.comp">
      <Filter>Shader\Tonemap</Filter>
    </None>
    <None Include="shaders\shading\final_gather.comp">
      <Filter>Shader\Shading</Filter>
    </None>
    <None Include="shaders\shading\reflection.comp">
      <Filter>Shader\Shading</Filter>
    </None>
    <None Include="shaders\shading\transparent.comp">
      <Filter>Shader\Shading</Filter>
    </None>
    <None Include="config\imgui\imgui.ini">
      <Filter>Config\ImGUI</Filter>
    </None>
    <None Include="assets\scenes\default.json">
      <Filter>Config\Scenarios</Filter>
    </None>
    <None Include="assets\scenes\test_scene.json">
      <Filter>Config\Scenarios</Filter>
    </None>
    <None Include="shaders\legacy\photonpass.comp">
      <Filter>Shader\Legacy</Filter>
    </None>
    <None Include="shaders\photon-mapping\photonpass.comp">
      <Filter>Shader\Photon-Mapping</Filter>
    </None>
    <None Include="shaders\common\caustics.glsl">
      <Filter>Shader\Common</Filter>
    </None>
    <None Include="shaders\debug\probe_debug.comp">
      <Filter>Shader\Debug</Filter>
    </None>
    <None Include="packages.config" />
  </ItemGroup>
</Project>